// !$*UTF8*$!
{
	archiveVersion = 1;
	classes = {
	};
	objectVersion = 56;
	objects = {

/* Begin PBXBuildFile section */
		F49DA7A72B945573004A32B3 /* AppDelegate.swift in Sources */ = {isa = PBXBuildFile; fileRef = F49DA7A62B945573004A32B3 /* AppDelegate.swift */; };
		F49DA7A92B945573004A32B3 /* SceneDelegate.swift in Sources */ = {isa = PBXBuildFile; fileRef = F49DA7A82B945573004A32B3 /* SceneDelegate.swift */; };
		F49DA7AB2B945573004A32B3 /* ViewController.swift in Sources */ = {isa = PBXBuildFile; fileRef = F49DA7AA2B945573004A32B3 /* ViewController.swift */; };
		F49DA7AE2B945573004A32B3 /* Main.storyboard in Resources */ = {isa = PBXBuildFile; fileRef = F49DA7AC2B945573004A32B3 /* Main.storyboard */; };
		F49DA7B02B945575004A32B3 /* Assets.xcassets in Resources */ = {isa = PBXBuildFile; fileRef = F49DA7AF2B945575004A32B3 /* Assets.xcassets */; };
		F49DA7B32B945575004A32B3 /* LaunchScreen.storyboard in Resources */ = {isa = PBXBuildFile; fileRef = F49DA7B12B945575004A32B3 /* LaunchScreen.storyboard */; };
		F49DA7BE2B945575004A32B3 /* MagicTravelTests.swift in Sources */ = {isa = PBXBuildFile; fileRef = F49DA7BD2B945575004A32B3 /* MagicTravelTests.swift */; };
		F49DA7C82B945575004A32B3 /* MagicTravelUITests.swift in Sources */ = {isa = PBXBuildFile; fileRef = F49DA7C72B945575004A32B3 /* MagicTravelUITests.swift */; };
		F49DA7CA2B945575004A32B3 /* MagicTravelUITestsLaunchTests.swift in Sources */ = {isa = PBXBuildFile; fileRef = F49DA7C92B945575004A32B3 /* MagicTravelUITestsLaunchTests.swift */; };
/* End PBXBuildFile section */

/* Begin PBXContainerItemProxy section */
		F49DA7BA2B945575004A32B3 /* PBXContainerItemProxy */ = {
			isa = PBXContainerItemProxy;
			containerPortal = F49DA79B2B945573004A32B3 /* Project object */;
			proxyType = 1;
			remoteGlobalIDString = F49DA7A22B945573004A32B3;
			remoteInfo = MagicTravel;
		};
		F49DA7C42B945575004A32B3 /* PBXContainerItemProxy */ = {
			isa = PBXContainerItemProxy;
			containerPortal = F49DA79B2B945573004A32B3 /* Project object */;
			proxyType = 1;
			remoteGlobalIDString = F49DA7A22B945573004A32B3;
			remoteInfo = MagicTravel;
		};
/* End PBXContainerItemProxy section */

/* Begin PBXFileReference section */
		F49DA7A32B945573004A32B3 /* MagicTravel.app */ = {isa = PBXFileReference; explicitFileType = wrapper.application; includeInIndex = 0; path = MagicTravel.app; sourceTree = BUILT_PRODUCTS_DIR; };
		F49DA7A62B945573004A32B3 /* AppDelegate.swift */ = {isa = PBXFileReference; lastKnownFileType = sourcecode.swift; path = AppDelegate.swift; sourceTree = "<group>"; };
		F49DA7A82B945573004A32B3 /* SceneDelegate.swift */ = {isa = PBXFileReference; lastKnownFileType = sourcecode.swift; path = SceneDelegate.swift; sourceTree = "<group>"; };
		F49DA7AA2B945573004A32B3 /* ViewController.swift */ = {isa = PBXFileReference; lastKnownFileType = sourcecode.swift; path = ViewController.swift; sourceTree = "<group>"; };
		F49DA7AD2B945573004A32B3 /* Base */ = {isa = PBXFileReference; lastKnownFileType = file.storyboard; name = Base; path = Base.lproj/Main.storyboard; sourceTree = "<group>"; };
		F49DA7AF2B945575004A32B3 /* Assets.xcassets */ = {isa = PBXFileReference; lastKnownFileType = folder.assetcatalog; path = Assets.xcassets; sourceTree = "<group>"; };
		F49DA7B22B945575004A32B3 /* Base */ = {isa = PBXFileReference; lastKnownFileType = file.storyboard; name = Base; path = Base.lproj/LaunchScreen.storyboard; sourceTree = "<group>"; };
		F49DA7B42B945575004A32B3 /* Info.plist */ = {isa = PBXFileReference; lastKnownFileType = text.plist.xml; path = Info.plist; sourceTree = "<group>"; };
		F49DA7B92B945575004A32B3 /* MagicTravelTests.xctest */ = {isa = PBXFileReference; explicitFileType = wrapper.cfbundle; includeInIndex = 0; path = MagicTravelTests.xctest; sourceTree = BUILT_PRODUCTS_DIR; };
		F49DA7BD2B945575004A32B3 /* MagicTravelTests.swift */ = {isa = PBXFileReference; lastKnownFileType = sourcecode.swift; path = MagicTravelTests.swift; sourceTree = "<group>"; };
		F49DA7C32B945575004A32B3 /* MagicTravelUITests.xctest */ = {isa = PBXFileReference; explicitFileType = wrapper.cfbundle; includeInIndex = 0; path = MagicTravelUITests.xctest; sourceTree = BUILT_PRODUCTS_DIR; };
		F49DA7C72B945575004A32B3 /* MagicTravelUITests.swift */ = {isa = PBXFileReference; lastKnownFileType = sourcecode.swift; path = MagicTravelUITests.swift; sourceTree = "<group>"; };
		F49DA7C92B945575004A32B3 /* MagicTravelUITestsLaunchTests.swift */ = {isa = PBXFileReference; lastKnownFileType = sourcecode.swift; path = MagicTravelUITestsLaunchTests.swift; sourceTree = "<group>"; };
/* End PBXFileReference section */

/* Begin PBXFrameworksBuildPhase section */
		F49DA7A02B945573004A32B3 /* Frameworks */ = {
			isa = PBXFrameworksBuildPhase;
			buildActionMask = 2147483647;
			files = (
			);
			runOnlyForDeploymentPostprocessing = 0;
		};
		F49DA7B62B945575004A32B3 /* Frameworks */ = {
			isa = PBXFrameworksBuildPhase;
			buildActionMask = 2147483647;
			files = (
			);
			runOnlyForDeploymentPostprocessing = 0;
		};
		F49DA7C02B945575004A32B3 /* Frameworks */ = {
			isa = PBXFrameworksBuildPhase;
			buildActionMask = 2147483647;
			files = (
			);
			runOnlyForDeploymentPostprocessing = 0;
		};
/* End PBXFrameworksBuildPhase section */

/* Begin PBXGroup section */
		F49DA79A2B945573004A32B3 = {
			isa = PBXGroup;
			children = (
				F49DA7A52B945573004A32B3 /* MagicTravel */,
				F49DA7BC2B945575004A32B3 /* MagicTravelTests */,
				F49DA7C62B945575004A32B3 /* MagicTravelUITests */,
				F49DA7A42B945573004A32B3 /* Products */,
			);
			sourceTree = "<group>";
		};
		F49DA7A42B945573004A32B3 /* Products */ = {
			isa = PBXGroup;
			children = (
				F49DA7A32B945573004A32B3 /* MagicTravel.app */,
				F49DA7B92B945575004A32B3 /* MagicTravelTests.xctest */,
				F49DA7C32B945575004A32B3 /* MagicTravelUITests.xctest */,
			);
			name = Products;
			sourceTree = "<group>";
		};
		F49DA7A52B945573004A32B3 /* MagicTravel */ = {
			isa = PBXGroup;
			children = (
				F49DA7A62B945573004A32B3 /* AppDelegate.swift */,
				F49DA7A82B945573004A32B3 /* SceneDelegate.swift */,
				F49DA7AA2B945573004A32B3 /* ViewController.swift */,
				F49DA7AC2B945573004A32B3 /* Main.storyboard */,
				F49DA7AF2B945575004A32B3 /* Assets.xcassets */,
				F49DA7B12B945575004A32B3 /* LaunchScreen.storyboard */,
				F49DA7B42B945575004A32B3 /* Info.plist */,
			);
			path = MagicTravel;
			sourceTree = "<group>";
		};
		F49DA7BC2B945575004A32B3 /* MagicTravelTests */ = {
			isa = PBXGroup;
			children = (
				F49DA7BD2B945575004A32B3 /* MagicTravelTests.swift */,
			);
			path = MagicTravelTests;
			sourceTree = "<group>";
		};
		F49DA7C62B945575004A32B3 /* MagicTravelUITests */ = {
			isa = PBXGroup;
			children = (
				F49DA7C72B945575004A32B3 /* MagicTravelUITests.swift */,
				F49DA7C92B945575004A32B3 /* MagicTravelUITestsLaunchTests.swift */,
			);
			path = MagicTravelUITests;
			sourceTree = "<group>";
		};
/* End PBXGroup section */

/* Begin PBXNativeTarget section */
		F49DA7A22B945573004A32B3 /* MagicTravel */ = {
			isa = PBXNativeTarget;
			buildConfigurationList = F49DA7CD2B945575004A32B3 /* Build configuration list for PBXNativeTarget "MagicTravel" */;
			buildPhases = (
				F49DA79F2B945573004A32B3 /* Sources */,
				F49DA7A02B945573004A32B3 /* Frameworks */,
				F49DA7A12B945573004A32B3 /* Resources */,
			);
			buildRules = (
			);
			dependencies = (
			);
			name = MagicTravel;
			productName = MagicTravel;
			productReference = F49DA7A32B945573004A32B3 /* MagicTravel.app */;
			productType = "com.apple.product-type.application";
		};
		F49DA7B82B945575004A32B3 /* MagicTravelTests */ = {
			isa = PBXNativeTarget;
			buildConfigurationList = F49DA7D02B945575004A32B3 /* Build configuration list for PBXNativeTarget "MagicTravelTests" */;
			buildPhases = (
				F49DA7B52B945575004A32B3 /* Sources */,
				F49DA7B62B945575004A32B3 /* Frameworks */,
				F49DA7B72B945575004A32B3 /* Resources */,
			);
			buildRules = (
			);
			dependencies = (
				F49DA7BB2B945575004A32B3 /* PBXTargetDependency */,
			);
			name = MagicTravelTests;
			productName = MagicTravelTests;
			productReference = F49DA7B92B945575004A32B3 /* MagicTravelTests.xctest */;
			productType = "com.apple.product-type.bundle.unit-test";
		};
		F49DA7C22B945575004A32B3 /* MagicTravelUITests */ = {
			isa = PBXNativeTarget;
			buildConfigurationList = F49DA7D32B945575004A32B3 /* Build configuration list for PBXNativeTarget "MagicTravelUITests" */;
			buildPhases = (
				F49DA7BF2B945575004A32B3 /* Sources */,
				F49DA7C02B945575004A32B3 /* Frameworks */,
				F49DA7C12B945575004A32B3 /* Resources */,
			);
			buildRules = (
			);
			dependencies = (
				F49DA7C52B945575004A32B3 /* PBXTargetDependency */,
			);
			name = MagicTravelUITests;
			productName = MagicTravelUITests;
			productReference = F49DA7C32B945575004A32B3 /* MagicTravelUITests.xctest */;
			productType = "com.apple.product-type.bundle.ui-testing";
		};
/* End PBXNativeTarget section */

/* Begin PBXProject section */
		F49DA79B2B945573004A32B3 /* Project object */ = {
			isa = PBXProject;
			attributes = {
				BuildIndependentTargetsInParallel = 1;
				LastSwiftUpdateCheck = 1520;
				LastUpgradeCheck = 1520;
				TargetAttributes = {
					F49DA7A22B945573004A32B3 = {
						CreatedOnToolsVersion = 15.2;
					};
					F49DA7B82B945575004A32B3 = {
						CreatedOnToolsVersion = 15.2;
						TestTargetID = F49DA7A22B945573004A32B3;
					};
					F49DA7C22B945575004A32B3 = {
						CreatedOnToolsVersion = 15.2;
						TestTargetID = F49DA7A22B945573004A32B3;
					};
				};
			};
			buildConfigurationList = F49DA79E2B945573004A32B3 /* Build configuration list for PBXProject "MagicTravel" */;
			compatibilityVersion = "Xcode 14.0";
			developmentRegion = en;
			hasScannedForEncodings = 0;
			knownRegions = (
				en,
				Base,
			);
			mainGroup = F49DA79A2B945573004A32B3;
			productRefGroup = F49DA7A42B945573004A32B3 /* Products */;
			projectDirPath = "";
			projectRoot = "";
			targets = (
				F49DA7A22B945573004A32B3 /* MagicTravel */,
				F49DA7B82B945575004A32B3 /* MagicTravelTests */,
				F49DA7C22B945575004A32B3 /* MagicTravelUITests */,
			);
		};
/* End PBXProject section */

/* Begin PBXResourcesBuildPhase section */
		F49DA7A12B945573004A32B3 /* Resources */ = {
			isa = PBXResourcesBuildPhase;
			buildActionMask = 2147483647;
			files = (
				F49DA7B32B945575004A32B3 /* LaunchScreen.storyboard in Resources */,
				F49DA7B02B945575004A32B3 /* Assets.xcassets in Resources */,
				F49DA7AE2B945573004A32B3 /* Main.storyboard in Resources */,
			);
			runOnlyForDeploymentPostprocessing = 0;
		};
		F49DA7B72B945575004A32B3 /* Resources */ = {
			isa = PBXResourcesBuildPhase;
			buildActionMask = 2147483647;
			files = (
			);
			runOnlyForDeploymentPostprocessing = 0;
		};
		F49DA7C12B945575004A32B3 /* Resources */ = {
			isa = PBXResourcesBuildPhase;
			buildActionMask = 2147483647;
			files = (
			);
			runOnlyForDeploymentPostprocessing = 0;
		};
/* End PBXResourcesBuildPhase section */

/* Begin PBXSourcesBuildPhase section */
		F49DA79F2B945573004A32B3 /* Sources */ = {
			isa = PBXSourcesBuildPhase;
			buildActionMask = 2147483647;
			files = (
				F49DA7AB2B945573004A32B3 /* ViewController.swift in Sources */,
				F49DA7A72B945573004A32B3 /* AppDelegate.swift in Sources */,
				F49DA7A92B945573004A32B3 /* SceneDelegate.swift in Sources */,
			);
			runOnlyForDeploymentPostprocessing = 0;
		};
		F49DA7B52B945575004A32B3 /* Sources */ = {
			isa = PBXSourcesBuildPhase;
			buildActionMask = 2147483647;
			files = (
				F49DA7BE2B945575004A32B3 /* MagicTravelTests.swift in Sources */,
			);
			runOnlyForDeploymentPostprocessing = 0;
		};
		F49DA7BF2B945575004A32B3 /* Sources */ = {
			isa = PBXSourcesBuildPhase;
			buildActionMask = 2147483647;
			files = (
				F49DA7CA2B945575004A32B3 /* MagicTravelUITestsLaunchTests.swift in Sources */,
				F49DA7C82B945575004A32B3 /* MagicTravelUITests.swift in Sources */,
			);
			runOnlyForDeploymentPostprocessing = 0;
		};
/* End PBXSourcesBuildPhase section */

/* Begin PBXTargetDependency section */
		F49DA7BB2B945575004A32B3 /* PBXTargetDependency */ = {
			isa = PBXTargetDependency;
			target = F49DA7A22B945573004A32B3 /* MagicTravel */;
			targetProxy = F49DA7BA2B945575004A32B3 /* PBXContainerItemProxy */;
		};
		F49DA7C52B945575004A32B3 /* PBXTargetDependency */ = {
			isa = PBXTargetDependency;
			target = F49DA7A22B945573004A32B3 /* MagicTravel */;
			targetProxy = F49DA7C42B945575004A32B3 /* PBXContainerItemProxy */;
		};
/* End PBXTargetDependency section */

/* Begin PBXVariantGroup section */
		F49DA7AC2B945573004A32B3 /* Main.storyboard */ = {
			isa = PBXVariantGroup;
			children = (
				F49DA7AD2B945573004A32B3 /* Base */,
			);
			name = Main.storyboard;
			sourceTree = "<group>";
		};
		F49DA7B12B945575004A32B3 /* LaunchScreen.storyboard */ = {
			isa = PBXVariantGroup;
			children = (
				F49DA7B22B945575004A32B3 /* Base */,
			);
			name = LaunchScreen.storyboard;
			sourceTree = "<group>";
		};
/* End PBXVariantGroup section */

/* Begin XCBuildConfiguration section */
		F49DA7CB2B945575004A32B3 /* Debug */ = {
			isa = XCBuildConfiguration;
			buildSettings = {
				ALWAYS_SEARCH_USER_PATHS = NO;
				ASSETCATALOG_COMPILER_GENERATE_SWIFT_ASSET_SYMBOL_EXTENSIONS = YES;
				CLANG_ANALYZER_NONNULL = YES;
				CLANG_ANALYZER_NUMBER_OBJECT_CONVERSION = YES_AGGRESSIVE;
				CLANG_CXX_LANGUAGE_STANDARD = "gnu++20";
				CLANG_ENABLE_MODULES = YES;
				CLANG_ENABLE_OBJC_ARC = YES;
				CLANG_ENABLE_OBJC_WEAK = YES;
				CLANG_WARN_BLOCK_CAPTURE_AUTORELEASING = YES;
				CLANG_WARN_BOOL_CONVERSION = YES;
				CLANG_WARN_COMMA = YES;
				CLANG_WARN_CONSTANT_CONVERSION = YES;
				CLANG_WARN_DEPRECATED_OBJC_IMPLEMENTATIONS = YES;
				CLANG_WARN_DIRECT_OBJC_ISA_USAGE = YES_ERROR;
				CLANG_WARN_DOCUMENTATION_COMMENTS = YES;
				CLANG_WARN_EMPTY_BODY = YES;
				CLANG_WARN_ENUM_CONVERSION = YES;
				CLANG_WARN_INFINITE_RECURSION = YES;
				CLANG_WARN_INT_CONVERSION = YES;
				CLANG_WARN_NON_LITERAL_NULL_CONVERSION = YES;
				CLANG_WARN_OBJC_IMPLICIT_RETAIN_SELF = YES;
				CLANG_WARN_OBJC_LITERAL_CONVERSION = YES;
				CLANG_WARN_OBJC_ROOT_CLASS = YES_ERROR;
				CLANG_WARN_QUOTED_INCLUDE_IN_FRAMEWORK_HEADER = YES;
				CLANG_WARN_RANGE_LOOP_ANALYSIS = YES;
				CLANG_WARN_STRICT_PROTOTYPES = YES;
				CLANG_WARN_SUSPICIOUS_MOVE = YES;
				CLANG_WARN_UNGUARDED_AVAILABILITY = YES_AGGRESSIVE;
				CLANG_WARN_UNREACHABLE_CODE = YES;
				CLANG_WARN__DUPLICATE_METHOD_MATCH = YES;
				COPY_PHASE_STRIP = NO;
				DEBUG_INFORMATION_FORMAT = dwarf;
				ENABLE_STRICT_OBJC_MSGSEND = YES;
				ENABLE_TESTABILITY = YES;
				ENABLE_USER_SCRIPT_SANDBOXING = YES;
				GCC_C_LANGUAGE_STANDARD = gnu17;
				GCC_DYNAMIC_NO_PIC = NO;
				GCC_NO_COMMON_BLOCKS = YES;
				GCC_OPTIMIZATION_LEVEL = 0;
				GCC_PREPROCESSOR_DEFINITIONS = (
					"DEBUG=1",
					"$(inherited)",
				);
				GCC_WARN_64_TO_32_BIT_CONVERSION = YES;
				GCC_WARN_ABOUT_RETURN_TYPE = YES_ERROR;
				GCC_WARN_UNDECLARED_SELECTOR = YES;
				GCC_WARN_UNINITIALIZED_AUTOS = YES_AGGRESSIVE;
				GCC_WARN_UNUSED_FUNCTION = YES;
				GCC_WARN_UNUSED_VARIABLE = YES;
				IPHONEOS_DEPLOYMENT_TARGET = 17.2;
				LOCALIZATION_PREFERS_STRING_CATALOGS = YES;
				MTL_ENABLE_DEBUG_INFO = INCLUDE_SOURCE;
				MTL_FAST_MATH = YES;
				ONLY_ACTIVE_ARCH = YES;
				SDKROOT = iphoneos;
				SWIFT_ACTIVE_COMPILATION_CONDITIONS = "DEBUG $(inherited)";
				SWIFT_OPTIMIZATION_LEVEL = "-Onone";
			};
			name = Debug;
		};
		F49DA7CC2B945575004A32B3 /* Release */ = {
			isa = XCBuildConfiguration;
			buildSettings = {
				ALWAYS_SEARCH_USER_PATHS = NO;
				ASSETCATALOG_COMPILER_GENERATE_SWIFT_ASSET_SYMBOL_EXTENSIONS = YES;
				CLANG_ANALYZER_NONNULL = YES;
				CLANG_ANALYZER_NUMBER_OBJECT_CONVERSION = YES_AGGRESSIVE;
				CLANG_CXX_LANGUAGE_STANDARD = "gnu++20";
				CLANG_ENABLE_MODULES = YES;
				CLANG_ENABLE_OBJC_ARC = YES;
				CLANG_ENABLE_OBJC_WEAK = YES;
				CLANG_WARN_BLOCK_CAPTURE_AUTORELEASING = YES;
				CLANG_WARN_BOOL_CONVERSION = YES;
				CLANG_WARN_COMMA = YES;
				CLANG_WARN_CONSTANT_CONVERSION = YES;
				CLANG_WARN_DEPRECATED_OBJC_IMPLEMENTATIONS = YES;
				CLANG_WARN_DIRECT_OBJC_ISA_USAGE = YES_ERROR;
				CLANG_WARN_DOCUMENTATION_COMMENTS = YES;
				CLANG_WARN_EMPTY_BODY = YES;
				CLANG_WARN_ENUM_CONVERSION = YES;
				CLANG_WARN_INFINITE_RECURSION = YES;
				CLANG_WARN_INT_CONVERSION = YES;
				CLANG_WARN_NON_LITERAL_NULL_CONVERSION = YES;
				CLANG_WARN_OBJC_IMPLICIT_RETAIN_SELF = YES;
				CLANG_WARN_OBJC_LITERAL_CONVERSION = YES;
				CLANG_WARN_OBJC_ROOT_CLASS = YES_ERROR;
				CLANG_WARN_QUOTED_INCLUDE_IN_FRAMEWORK_HEADER = YES;
				CLANG_WARN_RANGE_LOOP_ANALYSIS = YES;
				CLANG_WARN_STRICT_PROTOTYPES = YES;
				CLANG_WARN_SUSPICIOUS_MOVE = YES;
				CLANG_WARN_UNGUARDED_AVAILABILITY = YES_AGGRESSIVE;
				CLANG_WARN_UNREACHABLE_CODE = YES;
				CLANG_WARN__DUPLICATE_METHOD_MATCH = YES;
				COPY_PHASE_STRIP = NO;
				DEBUG_INFORMATION_FORMAT = "dwarf-with-dsym";
				ENABLE_NS_ASSERTIONS = NO;
				ENABLE_STRICT_OBJC_MSGSEND = YES;
				ENABLE_USER_SCRIPT_SANDBOXING = YES;
				GCC_C_LANGUAGE_STANDARD = gnu17;
				GCC_NO_COMMON_BLOCKS = YES;
				GCC_WARN_64_TO_32_BIT_CONVERSION = YES;
				GCC_WARN_ABOUT_RETURN_TYPE = YES_ERROR;
				GCC_WARN_UNDECLARED_SELECTOR = YES;
				GCC_WARN_UNINITIALIZED_AUTOS = YES_AGGRESSIVE;
				GCC_WARN_UNUSED_FUNCTION = YES;
				GCC_WARN_UNUSED_VARIABLE = YES;
				IPHONEOS_DEPLOYMENT_TARGET = 17.2;
				LOCALIZATION_PREFERS_STRING_CATALOGS = YES;
				MTL_ENABLE_DEBUG_INFO = NO;
				MTL_FAST_MATH = YES;
				SDKROOT = iphoneos;
				SWIFT_COMPILATION_MODE = wholemodule;
				VALIDATE_PRODUCT = YES;
			};
			name = Release;
		};
		F49DA7CE2B945575004A32B3 /* Debug */ = {
			isa = XCBuildConfiguration;
			buildSettings = {
				ASSETCATALOG_COMPILER_APPICON_NAME = AppIcon;
				ASSETCATALOG_COMPILER_GLOBAL_ACCENT_COLOR_NAME = AccentColor;
				CODE_SIGN_STYLE = Automatic;
				CURRENT_PROJECT_VERSION = 1;
				DEVELOPMENT_TEAM = MZP9TUUX7R;
				GENERATE_INFOPLIST_FILE = YES;
				INFOPLIST_FILE = MagicTravel/Info.plist;
				INFOPLIST_KEY_UIApplicationSupportsIndirectInputEvents = YES;
				INFOPLIST_KEY_UILaunchStoryboardName = LaunchScreen;
				INFOPLIST_KEY_UIMainStoryboardFile = Main;
				INFOPLIST_KEY_UISupportedInterfaceOrientations_iPad = "UIInterfaceOrientationPortrait UIInterfaceOrientationPortraitUpsideDown UIInterfaceOrientationLandscapeLeft UIInterfaceOrientationLandscapeRight";
				INFOPLIST_KEY_UISupportedInterfaceOrientations_iPhone = "UIInterfaceOrientationPortrait UIInterfaceOrientationLandscapeLeft UIInterfaceOrientationLandscapeRight";
				IPHONEOS_DEPLOYMENT_TARGET = 16.0;
				LD_RUNPATH_SEARCH_PATHS = (
					"$(inherited)",
					"@executable_path/Frameworks",
				);
				MARKETING_VERSION = 1.0;
				PRODUCT_BUNDLE_IDENTIFIER = suprabhatkumar.in.MagicTravel;
				PRODUCT_NAME = "$(TARGET_NAME)";
				SWIFT_EMIT_LOC_STRINGS = YES;
				SWIFT_VERSION = 5.0;
				TARGETED_DEVICE_FAMILY = "1,2";
			};
			name = Debug;
		};
		F49DA7CF2B945575004A32B3 /* Release */ = {
			isa = XCBuildConfiguration;
			buildSettings = {
				ASSETCATALOG_COMPILER_APPICON_NAME = AppIcon;
				ASSETCATALOG_COMPILER_GLOBAL_ACCENT_COLOR_NAME = AccentColor;
				CODE_SIGN_STYLE = Automatic;
				CURRENT_PROJECT_VERSION = 1;
				DEVELOPMENT_TEAM = MZP9TUUX7R;
				GENERATE_INFOPLIST_FILE = YES;
				INFOPLIST_FILE = MagicTravel/Info.plist;
				INFOPLIST_KEY_UIApplicationSupportsIndirectInputEvents = YES;
				INFOPLIST_KEY_UILaunchStoryboardName = LaunchScreen;
				INFOPLIST_KEY_UIMainStoryboardFile = Main;
				INFOPLIST_KEY_UISupportedInterfaceOrientations_iPad = "UIInterfaceOrientationPortrait UIInterfaceOrientationPortraitUpsideDown UIInterfaceOrientationLandscapeLeft UIInterfaceOrientationLandscapeRight";
				INFOPLIST_KEY_UISupportedInterfaceOrientations_iPhone = "UIInterfaceOrientationPortrait UIInterfaceOrientationLandscapeLeft UIInterfaceOrientationLandscapeRight";
				IPHONEOS_DEPLOYMENT_TARGET = 16.0;
				LD_RUNPATH_SEARCH_PATHS = (
					"$(inherited)",
					"@executable_path/Frameworks",
				);
				MARKETING_VERSION = 1.0;
				PRODUCT_BUNDLE_IDENTIFIER = suprabhatkumar.in.MagicTravel;
				PRODUCT_NAME = "$(TARGET_NAME)";
				SWIFT_EMIT_LOC_STRINGS = YES;
				SWIFT_VERSION = 5.0;
				TARGETED_DEVICE_FAMILY = "1,2";
			};
			name = Release;
		};
		F49DA7D12B945575004A32B3 /* Debug */ = {
			isa = XCBuildConfiguration;
			buildSettings = {
				ALWAYS_EMBED_SWIFT_STANDARD_LIBRARIES = YES;
				BUNDLE_LOADER = "$(TEST_HOST)";
				CODE_SIGN_STYLE = Automatic;
				CURRENT_PROJECT_VERSION = 1;
				DEVELOPMENT_TEAM = MZP9TUUX7R;
				GENERATE_INFOPLIST_FILE = YES;
				IPHONEOS_DEPLOYMENT_TARGET = 17.2;
				MARKETING_VERSION = 1.0;
				PRODUCT_BUNDLE_IDENTIFIER = suprabhatkumar.in.MagicTravelTests;
				PRODUCT_NAME = "$(TARGET_NAME)";
				SWIFT_EMIT_LOC_STRINGS = NO;
				SWIFT_VERSION = 5.0;
				TARGETED_DEVICE_FAMILY = "1,2";
				TEST_HOST = "$(BUILT_PRODUCTS_DIR)/MagicTravel.app/$(BUNDLE_EXECUTABLE_FOLDER_PATH)/MagicTravel";
			};
			name = Debug;
		};
		F49DA7D22B945575004A32B3 /* Release */ = {
			isa = XCBuildConfiguration;
			buildSettings = {
				ALWAYS_EMBED_SWIFT_STANDARD_LIBRARIES = YES;
				BUNDLE_LOADER = "$(TEST_HOST)";
				CODE_SIGN_STYLE = Automatic;
				CURRENT_PROJECT_VERSION = 1;
				DEVELOPMENT_TEAM = MZP9TUUX7R;
				GENERATE_INFOPLIST_FILE = YES;
				IPHONEOS_DEPLOYMENT_TARGET = 17.2;
				MARKETING_VERSION = 1.0;
				PRODUCT_BUNDLE_IDENTIFIER = suprabhatkumar.in.MagicTravelTests;
				PRODUCT_NAME = "$(TARGET_NAME)";
				SWIFT_EMIT_LOC_STRINGS = NO;
				SWIFT_VERSION = 5.0;
				TARGETED_DEVICE_FAMILY = "1,2";
				TEST_HOST = "$(BUILT_PRODUCTS_DIR)/MagicTravel.app/$(BUNDLE_EXECUTABLE_FOLDER_PATH)/MagicTravel";
			};
			name = Release;
		};
		F49DA7D42B945575004A32B3 /* Debug */ = {
			isa = XCBuildConfiguration;
			buildSettings = {
				ALWAYS_EMBED_SWIFT_STANDARD_LIBRARIES = YES;
				CODE_SIGN_STYLE = Automatic;
				CURRENT_PROJECT_VERSION = 1;
				DEVELOPMENT_TEAM = MZP9TUUX7R;
				GENERATE_INFOPLIST_FILE = YES;
				MARKETING_VERSION = 1.0;
				PRODUCT_BUNDLE_IDENTIFIER = suprabhatkumar.in.MagicTravelUITests;
				PRODUCT_NAME = "$(TARGET_NAME)";
				SWIFT_EMIT_LOC_STRINGS = NO;
				SWIFT_VERSION = 5.0;
				TARGETED_DEVICE_FAMILY = "1,2";
				TEST_TARGET_NAME = MagicTravel;
			};
			name = Debug;
		};
		F49DA7D52B945575004A32B3 /* Release */ = {
			isa = XCBuildConfiguration;
			buildSettings = {
				ALWAYS_EMBED_SWIFT_STANDARD_LIBRARIES = YES;
				CODE_SIGN_STYLE = Automatic;
				CURRENT_PROJECT_VERSION = 1;
				DEVELOPMENT_TEAM = MZP9TUUX7R;
				GENERATE_INFOPLIST_FILE = YES;
				MARKETING_VERSION = 1.0;
				PRODUCT_BUNDLE_IDENTIFIER = suprabhatkumar.in.MagicTravelUITests;
				PRODUCT_NAME = "$(TARGET_NAME)";
				SWIFT_EMIT_LOC_STRINGS = NO;
				SWIFT_VERSION = 5.0;
				TARGETED_DEVICE_FAMILY = "1,2";
				TEST_TARGET_NAME = MagicTravel;
			};
			name = Release;
		};
/* End XCBuildConfiguration section */

/* Begin XCConfigurationList section */
		F49DA79E2B945573004A32B3 /* Build configuration list for PBXProject "MagicTravel" */ = {
			isa = XCConfigurationList;
			buildConfigurations = (
				F49DA7CB2B945575004A32B3 /* Debug */,
				F49DA7CC2B945575004A32B3 /* Release */,
			);
			defaultConfigurationIsVisible = 0;
			defaultConfigurationName = Release;
		};
		F49DA7CD2B945575004A32B3 /* Build configuration list for PBXNativeTarget "MagicTravel" */ = {
			isa = XCConfigurationList;
			buildConfigurations = (
				F49DA7CE2B945575004A32B3 /* Debug */,
				F49DA7CF2B945575004A32B3 /* Release */,
			);
			defaultConfigurationIsVisible = 0;
			defaultConfigurationName = Release;
		};
		F49DA7D02B945575004A32B3 /* Build configuration list for PBXNativeTarget "MagicTravelTests" */ = {
			isa = XCConfigurationList;
			buildConfigurations = (
				F49DA7D12B945575004A32B3 /* Debug */,
				F49DA7D22B945575004A32B3 /* Release */,
			);
			defaultConfigurationIsVisible = 0;
			defaultConfigurationName = Release;
		};
		F49DA7D32B945575004A32B3 /* Build configuration list for PBXNativeTarget "MagicTravelUITests" */ = {
			isa = XCConfigurationList;
			buildConfigurations = (
				F49DA7D42B945575004A32B3 /* Debug */,
				F49DA7D52B945575004A32B3 /* Release */,
			);
			defaultConfigurationIsVisible = 0;
			defaultConfigurationName = Release;
		};
/* End XCConfigurationList section */
	};
	rootObject = F49DA79B2B945573004A32B3 /* Project object */;
}
